
Microsoft Visual Studio Solution File, Format Version 12.00
# Visual Studio 15
VisualStudioVersion = 15.0.28307.136
MinimumVisualStudioVersion = 10.0.40219.1
Project("{FAE04EC0-301F-11D3-BF4B-00C04F79EFBC}") = "KeePassRDP-Lite", "KeePassRDP-Lite\KeePassRDP-Lite.csproj", "{66079703-91AF-4FD6-AE0A-BE6CF3483638}"
EndProject
Global
	GlobalSection(SolutionConfigurationPlatforms) = preSolution
		Debug|Any CPU = Debug|Any CPU
		DebugPLGX|Any CPU = DebugPLGX|Any CPU
		Release|Any CPU = Release|Any CPU
	EndGlobalSection
	GlobalSection(ProjectConfigurationPlatforms) = postSolution
		{66079703-91AF-4FD6-AE0A-BE6CF3483638}.Debug|Any CPU.ActiveCfg = Debug|Any CPU
		{66079703-91AF-4FD6-AE0A-BE6CF3483638}.Debug|Any CPU.Build.0 = Debug|Any CPU
		{66079703-91AF-4FD6-AE0A-BE6CF3483638}.DebugPLGX|Any CPU.ActiveCfg = DebugPLGX|Any CPU
		{66079703-91AF-4FD6-AE0A-BE6CF3483638}.DebugPLGX|Any CPU.Build.0 = DebugPLGX|Any CPU
		{66079703-91AF-4FD6-AE0A-BE6CF3483638}.Release|Any CPU.ActiveCfg = Release|Any CPU
		{66079703-91AF-4FD6-AE0A-BE6CF3483638}.Release|Any CPU.Build.0 = Release|Any CPU
	EndGlobalSection
	GlobalSection(SolutionProperties) = preSolution
		HideSolutionNode = FALSE
	EndGlobalSection
	GlobalSection(ExtensibilityGlobals) = postSolution
		SolutionGuid = {4766F9A5-4040-4C80-9F70-632299622F5A}
	EndGlobalSection
EndGlobal
